
Microsoft Visual Studio Solution File, Format Version 12.00
# Visual Studio Version 17
VisualStudioVersion = 17.4.33213.308
MinimumVisualStudioVersion = 10.0.40219.1
Project("{2150E333-8FDC-42A3-9474-1A3956D46DE8}") = "Services", "Services", "{E062B37C-5DEB-4163-82F5-9C5EF0B3251E}"
EndProject
Project("{2150E333-8FDC-42A3-9474-1A3956D46DE8}") = "IdentityServer", "IdentityServer", "{97955AD8-6A89-47D4-834A-B77D856EEACA}"
EndProject
Project("{2150E333-8FDC-42A3-9474-1A3956D46DE8}") = "AWS", "AWS", "{BC71CDAB-DA7B-4245-8906-4A81615B1B4D}"
EndProject
Project("{2150E333-8FDC-42A3-9474-1A3956D46DE8}") = "News", "News", "{3CAE8187-4265-4A30-A43D-1C868B034E15}"
EndProject
Project("{9A19103F-16F7-4668-BE54-9A1E7A4F7556}") = "GlowingNews.API", "Services\News\GlowingNews.API\GlowingNews.API.csproj", "{AF8682D6-17AE-42D9-962E-B7E708E356DA}"
EndProject
Project("{9A19103F-16F7-4668-BE54-9A1E7A4F7556}") = "GlowingNews.Application", "Services\News\GlowingNews.Application\GlowingNews.Application.csproj", "{4F5E8AD6-C2EF-43D2-B3BF-3388324B010F}"
EndProject
Project("{9A19103F-16F7-4668-BE54-9A1E7A4F7556}") = "GlowingNews.Domain", "Services\News\GlowingNews.Domain\GlowingNews.Domain.csproj", "{2F5F7B61-1BDF-4BCE-9BA6-971AA5483B78}"
EndProject
Project("{9A19103F-16F7-4668-BE54-9A1E7A4F7556}") = "GlowingNews.Infrastructure", "Services\News\GlowingNews.Infrastructure\GlowingNews.Infrastructure.csproj", "{B41ADB43-D691-4F75-AD6F-B3734F4B9333}"
EndProject
Project("{9A19103F-16F7-4668-BE54-9A1E7A4F7556}") = "GlowingNews.IdentityServer", "Services\IdentityServer\GlowingNews.IdentityServer\GlowingNews.IdentityServer.csproj", "{DC3523F7-01B4-4941-B8B7-934267D8946F}"
EndProject
Project("{2150E333-8FDC-42A3-9474-1A3956D46DE8}") = "BuildingBlocks", "BuildingBlocks", "{D16FED1C-7798-4CCA-8DDE-7C47E53C827E}"
EndProject
Project("{9A19103F-16F7-4668-BE54-9A1E7A4F7556}") = "IdentityServer.Shared.Client", "BuildingBlocks\IdentityServer.Shared.Client\IdentityServer.Shared.Client.csproj", "{4670C152-3249-4E57-A525-31759E036BB2}"
EndProject
Project("{9A19103F-16F7-4668-BE54-9A1E7A4F7556}") = "Security.Shared", "BuildingBlocks\Security.Shared\Security.Shared.csproj", "{C882D0CD-D4A5-4228-A074-DA55DC3E3799}"
EndProject
Project("{2150E333-8FDC-42A3-9474-1A3956D46DE8}") = "User", "User", "{148A92FA-347B-4CA7-9068-6D98D208B1C1}"
EndProject
Project("{9A19103F-16F7-4668-BE54-9A1E7A4F7556}") = "UserAccount.API", "Services\User\User.API\UserAccount.API.csproj", "{AE1BDB5D-7DDA-4CAF-8448-BE7592E3CCC5}"
EndProject
Project("{9A19103F-16F7-4668-BE54-9A1E7A4F7556}") = "UserAccount.Application", "Services\User\User.Application\UserAccount.Application.csproj", "{9246CB87-055A-487A-B395-F2B7EF56FC02}"
EndProject
Project("{9A19103F-16F7-4668-BE54-9A1E7A4F7556}") = "UserAccount.Domain", "Services\User\User.Domain\UserAccount.Domain.csproj", "{81C192E4-6830-49AE-9570-562F51B6BE37}"
EndProject
Project("{9A19103F-16F7-4668-BE54-9A1E7A4F7556}") = "UserAccount.Infrastructure", "Services\User\User.Infrastructure\UserAccount.Infrastructure.csproj", "{9D5D7093-7057-4A9E-BC1E-AAF8188D518B}"
EndProject
Project("{2150E333-8FDC-42A3-9474-1A3956D46DE8}") = "Like", "Like", "{4F1D8FA6-B202-4179-9954-74B79B513B58}"
EndProject
Project("{2150E333-8FDC-42A3-9474-1A3956D46DE8}") = "Search", "Search", "{AE53F23B-BA4E-4D55-A00C-8649DA7CD652}"
EndProject
Project("{9A19103F-16F7-4668-BE54-9A1E7A4F7556}") = "AWS.Domain", "Services\AWS\AWS.Domain\AWS.Domain.csproj", "{740898D9-D901-470B-954B-619AB486E4EB}"
EndProject
Project("{9A19103F-16F7-4668-BE54-9A1E7A4F7556}") = "AWS.Application", "Services\AWS\AWS.Application\AWS.Application.csproj", "{A59AF1F0-4366-4DAF-8CB6-8ECF4F628C27}"
EndProject
Project("{9A19103F-16F7-4668-BE54-9A1E7A4F7556}") = "AWS.Infrastructure", "Services\AWS\AWS.Infrastructure\AWS.Infrastructure.csproj", "{2D2EEE0D-67CD-48EC-954C-9E52EA980000}"
EndProject
Project("{9A19103F-16F7-4668-BE54-9A1E7A4F7556}") = "AWS.API", "Services\AWS\AWS.API\AWS.API.csproj", "{DEBF2EC5-2A16-4857-BAA0-9B33673DCD38}"
EndProject
Project("{9A19103F-16F7-4668-BE54-9A1E7A4F7556}") = "AWS.Shared.Client", "BuildingBlocks\AWS.Shared.Client\AWS.Shared.Client.csproj", "{4BED224D-17FF-48FC-ADBC-A83BE3217CE4}"
EndProject
Project("{9A19103F-16F7-4668-BE54-9A1E7A4F7556}") = "NewsLike.API", "Services\Like\NewsLike.API\NewsLike.API.csproj", "{485E9A7B-C2FF-4A0E-9C9A-7021DC659626}"
EndProject
Project("{9A19103F-16F7-4668-BE54-9A1E7A4F7556}") = "NewsLike.Application", "Services\Like\NewsLike.Application\NewsLike.Application.csproj", "{67804AC1-3BAE-4257-AABE-64B6FC64371D}"
EndProject
Project("{9A19103F-16F7-4668-BE54-9A1E7A4F7556}") = "NewsLike.Domain", "Services\Like\NewsLike.Domain\NewsLike.Domain.csproj", "{18A2AC69-518B-467F-A512-0A3F13F319C7}"
EndProject
Project("{9A19103F-16F7-4668-BE54-9A1E7A4F7556}") = "NewsLike.Infrastructure", "Services\Like\NewsLike.Infrastructure\NewsLike.Infrastructure.csproj", "{B73A6246-04A0-4778-B75E-2CAECE94C15C}"
EndProject
Global
	GlobalSection(SolutionConfigurationPlatforms) = preSolution
		Debug|Any CPU = Debug|Any CPU
		Release|Any CPU = Release|Any CPU
	EndGlobalSection
	GlobalSection(ProjectConfigurationPlatforms) = postSolution
		{AF8682D6-17AE-42D9-962E-B7E708E356DA}.Debug|Any CPU.ActiveCfg = Debug|Any CPU
		{AF8682D6-17AE-42D9-962E-B7E708E356DA}.Debug|Any CPU.Build.0 = Debug|Any CPU
		{AF8682D6-17AE-42D9-962E-B7E708E356DA}.Release|Any CPU.ActiveCfg = Release|Any CPU
		{AF8682D6-17AE-42D9-962E-B7E708E356DA}.Release|Any CPU.Build.0 = Release|Any CPU
		{4F5E8AD6-C2EF-43D2-B3BF-3388324B010F}.Debug|Any CPU.ActiveCfg = Debug|Any CPU
		{4F5E8AD6-C2EF-43D2-B3BF-3388324B010F}.Debug|Any CPU.Build.0 = Debug|Any CPU
		{4F5E8AD6-C2EF-43D2-B3BF-3388324B010F}.Release|Any CPU.ActiveCfg = Release|Any CPU
		{4F5E8AD6-C2EF-43D2-B3BF-3388324B010F}.Release|Any CPU.Build.0 = Release|Any CPU
		{2F5F7B61-1BDF-4BCE-9BA6-971AA5483B78}.Debug|Any CPU.ActiveCfg = Debug|Any CPU
		{2F5F7B61-1BDF-4BCE-9BA6-971AA5483B78}.Debug|Any CPU.Build.0 = Debug|Any CPU
		{2F5F7B61-1BDF-4BCE-9BA6-971AA5483B78}.Release|Any CPU.ActiveCfg = Release|Any CPU
		{2F5F7B61-1BDF-4BCE-9BA6-971AA5483B78}.Release|Any CPU.Build.0 = Release|Any CPU
		{B41ADB43-D691-4F75-AD6F-B3734F4B9333}.Debug|Any CPU.ActiveCfg = Debug|Any CPU
		{B41ADB43-D691-4F75-AD6F-B3734F4B9333}.Debug|Any CPU.Build.0 = Debug|Any CPU
		{B41ADB43-D691-4F75-AD6F-B3734F4B9333}.Release|Any CPU.ActiveCfg = Release|Any CPU
		{B41ADB43-D691-4F75-AD6F-B3734F4B9333}.Release|Any CPU.Build.0 = Release|Any CPU
		{DC3523F7-01B4-4941-B8B7-934267D8946F}.Debug|Any CPU.ActiveCfg = Debug|Any CPU
		{DC3523F7-01B4-4941-B8B7-934267D8946F}.Debug|Any CPU.Build.0 = Debug|Any CPU
		{DC3523F7-01B4-4941-B8B7-934267D8946F}.Release|Any CPU.ActiveCfg = Release|Any CPU
		{DC3523F7-01B4-4941-B8B7-934267D8946F}.Release|Any CPU.Build.0 = Release|Any CPU
		{4670C152-3249-4E57-A525-31759E036BB2}.Debug|Any CPU.ActiveCfg = Debug|Any CPU
		{4670C152-3249-4E57-A525-31759E036BB2}.Debug|Any CPU.Build.0 = Debug|Any CPU
		{4670C152-3249-4E57-A525-31759E036BB2}.Release|Any CPU.ActiveCfg = Release|Any CPU
		{4670C152-3249-4E57-A525-31759E036BB2}.Release|Any CPU.Build.0 = Release|Any CPU
		{C882D0CD-D4A5-4228-A074-DA55DC3E3799}.Debug|Any CPU.ActiveCfg = Debug|Any CPU
		{C882D0CD-D4A5-4228-A074-DA55DC3E3799}.Debug|Any CPU.Build.0 = Debug|Any CPU
		{C882D0CD-D4A5-4228-A074-DA55DC3E3799}.Release|Any CPU.ActiveCfg = Release|Any CPU
		{C882D0CD-D4A5-4228-A074-DA55DC3E3799}.Release|Any CPU.Build.0 = Release|Any CPU
		{AE1BDB5D-7DDA-4CAF-8448-BE7592E3CCC5}.Debug|Any CPU.ActiveCfg = Debug|Any CPU
		{AE1BDB5D-7DDA-4CAF-8448-BE7592E3CCC5}.Debug|Any CPU.Build.0 = Debug|Any CPU
		{AE1BDB5D-7DDA-4CAF-8448-BE7592E3CCC5}.Release|Any CPU.ActiveCfg = Release|Any CPU
		{AE1BDB5D-7DDA-4CAF-8448-BE7592E3CCC5}.Release|Any CPU.Build.0 = Release|Any CPU
		{9246CB87-055A-487A-B395-F2B7EF56FC02}.Debug|Any CPU.ActiveCfg = Debug|Any CPU
		{9246CB87-055A-487A-B395-F2B7EF56FC02}.Debug|Any CPU.Build.0 = Debug|Any CPU
		{9246CB87-055A-487A-B395-F2B7EF56FC02}.Release|Any CPU.ActiveCfg = Release|Any CPU
		{9246CB87-055A-487A-B395-F2B7EF56FC02}.Release|Any CPU.Build.0 = Release|Any CPU
		{81C192E4-6830-49AE-9570-562F51B6BE37}.Debug|Any CPU.ActiveCfg = Debug|Any CPU
		{81C192E4-6830-49AE-9570-562F51B6BE37}.Debug|Any CPU.Build.0 = Debug|Any CPU
		{81C192E4-6830-49AE-9570-562F51B6BE37}.Release|Any CPU.ActiveCfg = Release|Any CPU
		{81C192E4-6830-49AE-9570-562F51B6BE37}.Release|Any CPU.Build.0 = Release|Any CPU
		{9D5D7093-7057-4A9E-BC1E-AAF8188D518B}.Debug|Any CPU.ActiveCfg = Debug|Any CPU
		{9D5D7093-7057-4A9E-BC1E-AAF8188D518B}.Debug|Any CPU.Build.0 = Debug|Any CPU
		{9D5D7093-7057-4A9E-BC1E-AAF8188D518B}.Release|Any CPU.ActiveCfg = Release|Any CPU
		{9D5D7093-7057-4A9E-BC1E-AAF8188D518B}.Release|Any CPU.Build.0 = Release|Any CPU
		{740898D9-D901-470B-954B-619AB486E4EB}.Debug|Any CPU.ActiveCfg = Debug|Any CPU
		{740898D9-D901-470B-954B-619AB486E4EB}.Debug|Any CPU.Build.0 = Debug|Any CPU
		{740898D9-D901-470B-954B-619AB486E4EB}.Release|Any CPU.ActiveCfg = Release|Any CPU
		{740898D9-D901-470B-954B-619AB486E4EB}.Release|Any CPU.Build.0 = Release|Any CPU
		{A59AF1F0-4366-4DAF-8CB6-8ECF4F628C27}.Debug|Any CPU.ActiveCfg = Debug|Any CPU
		{A59AF1F0-4366-4DAF-8CB6-8ECF4F628C27}.Debug|Any CPU.Build.0 = Debug|Any CPU
		{A59AF1F0-4366-4DAF-8CB6-8ECF4F628C27}.Release|Any CPU.ActiveCfg = Release|Any CPU
		{A59AF1F0-4366-4DAF-8CB6-8ECF4F628C27}.Release|Any CPU.Build.0 = Release|Any CPU
		{2D2EEE0D-67CD-48EC-954C-9E52EA980000}.Debug|Any CPU.ActiveCfg = Debug|Any CPU
		{2D2EEE0D-67CD-48EC-954C-9E52EA980000}.Debug|Any CPU.Build.0 = Debug|Any CPU
		{2D2EEE0D-67CD-48EC-954C-9E52EA980000}.Release|Any CPU.ActiveCfg = Release|Any CPU
		{2D2EEE0D-67CD-48EC-954C-9E52EA980000}.Release|Any CPU.Build.0 = Release|Any CPU
		{DEBF2EC5-2A16-4857-BAA0-9B33673DCD38}.Debug|Any CPU.ActiveCfg = Debug|Any CPU
		{DEBF2EC5-2A16-4857-BAA0-9B33673DCD38}.Debug|Any CPU.Build.0 = Debug|Any CPU
		{DEBF2EC5-2A16-4857-BAA0-9B33673DCD38}.Release|Any CPU.ActiveCfg = Release|Any CPU
		{DEBF2EC5-2A16-4857-BAA0-9B33673DCD38}.Release|Any CPU.Build.0 = Release|Any CPU
		{4BED224D-17FF-48FC-ADBC-A83BE3217CE4}.Debug|Any CPU.ActiveCfg = Debug|Any CPU
		{4BED224D-17FF-48FC-ADBC-A83BE3217CE4}.Debug|Any CPU.Build.0 = Debug|Any CPU
		{4BED224D-17FF-48FC-ADBC-A83BE3217CE4}.Release|Any CPU.ActiveCfg = Release|Any CPU
		{4BED224D-17FF-48FC-ADBC-A83BE3217CE4}.Release|Any CPU.Build.0 = Release|Any CPU
		{485E9A7B-C2FF-4A0E-9C9A-7021DC659626}.Debug|Any CPU.ActiveCfg = Debug|Any CPU
		{485E9A7B-C2FF-4A0E-9C9A-7021DC659626}.Debug|Any CPU.Build.0 = Debug|Any CPU
		{485E9A7B-C2FF-4A0E-9C9A-7021DC659626}.Release|Any CPU.ActiveCfg = Release|Any CPU
		{485E9A7B-C2FF-4A0E-9C9A-7021DC659626}.Release|Any CPU.Build.0 = Release|Any CPU
		{67804AC1-3BAE-4257-AABE-64B6FC64371D}.Debug|Any CPU.ActiveCfg = Debug|Any CPU
		{67804AC1-3BAE-4257-AABE-64B6FC64371D}.Debug|Any CPU.Build.0 = Debug|Any CPU
		{67804AC1-3BAE-4257-AABE-64B6FC64371D}.Release|Any CPU.ActiveCfg = Release|Any CPU
		{67804AC1-3BAE-4257-AABE-64B6FC64371D}.Release|Any CPU.Build.0 = Release|Any CPU
		{18A2AC69-518B-467F-A512-0A3F13F319C7}.Debug|Any CPU.ActiveCfg = Debug|Any CPU
		{18A2AC69-518B-467F-A512-0A3F13F319C7}.Debug|Any CPU.Build.0 = Debug|Any CPU
		{18A2AC69-518B-467F-A512-0A3F13F319C7}.Release|Any CPU.ActiveCfg = Release|Any CPU
		{18A2AC69-518B-467F-A512-0A3F13F319C7}.Release|Any CPU.Build.0 = Release|Any CPU
		{B73A6246-04A0-4778-B75E-2CAECE94C15C}.Debug|Any CPU.ActiveCfg = Debug|Any CPU
		{B73A6246-04A0-4778-B75E-2CAECE94C15C}.Debug|Any CPU.Build.0 = Debug|Any CPU
		{B73A6246-04A0-4778-B75E-2CAECE94C15C}.Release|Any CPU.ActiveCfg = Release|Any CPU
		{B73A6246-04A0-4778-B75E-2CAECE94C15C}.Release|Any CPU.Build.0 = Release|Any CPU
	EndGlobalSection
	GlobalSection(SolutionProperties) = preSolution
		HideSolutionNode = FALSE
	EndGlobalSection
	GlobalSection(NestedProjects) = preSolution
		{97955AD8-6A89-47D4-834A-B77D856EEACA} = {E062B37C-5DEB-4163-82F5-9C5EF0B3251E}
		{BC71CDAB-DA7B-4245-8906-4A81615B1B4D} = {E062B37C-5DEB-4163-82F5-9C5EF0B3251E}
		{3CAE8187-4265-4A30-A43D-1C868B034E15} = {E062B37C-5DEB-4163-82F5-9C5EF0B3251E}
		{AF8682D6-17AE-42D9-962E-B7E708E356DA} = {3CAE8187-4265-4A30-A43D-1C868B034E15}
		{4F5E8AD6-C2EF-43D2-B3BF-3388324B010F} = {3CAE8187-4265-4A30-A43D-1C868B034E15}
		{2F5F7B61-1BDF-4BCE-9BA6-971AA5483B78} = {3CAE8187-4265-4A30-A43D-1C868B034E15}
		{B41ADB43-D691-4F75-AD6F-B3734F4B9333} = {3CAE8187-4265-4A30-A43D-1C868B034E15}
		{DC3523F7-01B4-4941-B8B7-934267D8946F} = {97955AD8-6A89-47D4-834A-B77D856EEACA}
		{4670C152-3249-4E57-A525-31759E036BB2} = {D16FED1C-7798-4CCA-8DDE-7C47E53C827E}
		{C882D0CD-D4A5-4228-A074-DA55DC3E3799} = {D16FED1C-7798-4CCA-8DDE-7C47E53C827E}
		{148A92FA-347B-4CA7-9068-6D98D208B1C1} = {E062B37C-5DEB-4163-82F5-9C5EF0B3251E}
		{AE1BDB5D-7DDA-4CAF-8448-BE7592E3CCC5} = {148A92FA-347B-4CA7-9068-6D98D208B1C1}
		{9246CB87-055A-487A-B395-F2B7EF56FC02} = {148A92FA-347B-4CA7-9068-6D98D208B1C1}
		{81C192E4-6830-49AE-9570-562F51B6BE37} = {148A92FA-347B-4CA7-9068-6D98D208B1C1}
		{9D5D7093-7057-4A9E-BC1E-AAF8188D518B} = {148A92FA-347B-4CA7-9068-6D98D208B1C1}
		{4F1D8FA6-B202-4179-9954-74B79B513B58} = {E062B37C-5DEB-4163-82F5-9C5EF0B3251E}
		{AE53F23B-BA4E-4D55-A00C-8649DA7CD652} = {E062B37C-5DEB-4163-82F5-9C5EF0B3251E}
		{740898D9-D901-470B-954B-619AB486E4EB} = {BC71CDAB-DA7B-4245-8906-4A81615B1B4D}
		{A59AF1F0-4366-4DAF-8CB6-8ECF4F628C27} = {BC71CDAB-DA7B-4245-8906-4A81615B1B4D}
		{2D2EEE0D-67CD-48EC-954C-9E52EA980000} = {BC71CDAB-DA7B-4245-8906-4A81615B1B4D}
		{DEBF2EC5-2A16-4857-BAA0-9B33673DCD38} = {BC71CDAB-DA7B-4245-8906-4A81615B1B4D}
		{4BED224D-17FF-48FC-ADBC-A83BE3217CE4} = {D16FED1C-7798-4CCA-8DDE-7C47E53C827E}
		{485E9A7B-C2FF-4A0E-9C9A-7021DC659626} = {4F1D8FA6-B202-4179-9954-74B79B513B58}
		{67804AC1-3BAE-4257-AABE-64B6FC64371D} = {4F1D8FA6-B202-4179-9954-74B79B513B58}
		{18A2AC69-518B-467F-A512-0A3F13F319C7} = {4F1D8FA6-B202-4179-9954-74B79B513B58}
		{B73A6246-04A0-4778-B75E-2CAECE94C15C} = {4F1D8FA6-B202-4179-9954-74B79B513B58}
	EndGlobalSection
	GlobalSection(ExtensibilityGlobals) = postSolution
		SolutionGuid = {5CD97D83-F99D-46F4-8A7F-32A6255940C0}
	EndGlobalSection
EndGlobal
